
Microsoft Visual Studio Solution File, Format Version 12.00
# Visual Studio Version 17
VisualStudioVersion = 17.5.002.0
MinimumVisualStudioVersion = 10.0.40219.1
Project("{9A19103F-16F7-4668-BE54-9A1E7A4F7556}") = "BankOcr", "BankOcr.csproj", "{04D344CC-9115-4F06-848C-D0DA7F50773C}"
EndProject
Global
	GlobalSection(SolutionConfigurationPlatforms) = preSolution
		Debug|Any CPU = Debug|Any CPU
		Release|Any CPU = Release|Any CPU
	EndGlobalSection
	GlobalSection(ProjectConfigurationPlatforms) = postSolution
		{04D344CC-9115-4F06-848C-D0DA7F50773C}.Debug|Any CPU.ActiveCfg = Debug|Any CPU
		{04D344CC-9115-4F06-848C-D0DA7F50773C}.Debug|Any CPU.Build.0 = Debug|Any CPU
		{04D344CC-9115-4F06-848C-D0DA7F50773C}.Release|Any CPU.ActiveCfg = Release|Any CPU
		{04D344CC-9115-4F06-848C-D0DA7F50773C}.Release|Any CPU.Build.0 = Release|Any CPU
	EndGlobalSection
	GlobalSection(SolutionProperties) = preSolution
		HideSolutionNode = FALSE
	EndGlobalSection
	GlobalSection(ExtensibilityGlobals) = postSolution
		SolutionGuid = {DFF236DD-F6B3-4EFF-8AE5-9632F451A2D5}
	EndGlobalSection
EndGlobal
